
Microsoft Visual Studio Solution File, Format Version 12.00
# Visual Studio 15
VisualStudioVersion = 15.0.28307.705
MinimumVisualStudioVersion = 10.0.40219.1
Project("{FAE04EC0-301F-11D3-BF4B-00C04F79EFBC}") = "Lands.Android", "Lands\Lands.Android\Lands.Android.csproj", "{50276A95-ED32-4E35-8929-B2ACA03D49F8}"
EndProject
Project("{FAE04EC0-301F-11D3-BF4B-00C04F79EFBC}") = "Lands.iOS", "Lands\Lands.iOS\Lands.iOS.csproj", "{5DBA242D-DC79-42FC-8B6D-260945957E05}"
EndProject
Project("{FAE04EC0-301F-11D3-BF4B-00C04F79EFBC}") = "Lands", "Lands\Lands\Lands.csproj", "{9D2F9D41-5632-4BE5-A1F4-C587838F294C}"
EndProject
Global
	GlobalSection(SolutionConfigurationPlatforms) = preSolution
		Ad-Hoc|Any CPU = Ad-Hoc|Any CPU
		Ad-Hoc|iPhone = Ad-Hoc|iPhone
		Ad-Hoc|iPhoneSimulator = Ad-Hoc|iPhoneSimulator
		AppStore|Any CPU = AppStore|Any CPU
		AppStore|iPhone = AppStore|iPhone
		AppStore|iPhoneSimulator = AppStore|iPhoneSimulator
		Debug|Any CPU = Debug|Any CPU
		Debug|iPhone = Debug|iPhone
		Debug|iPhoneSimulator = Debug|iPhoneSimulator
		Release|Any CPU = Release|Any CPU
		Release|iPhone = Release|iPhone
		Release|iPhoneSimulator = Release|iPhoneSimulator
	EndGlobalSection
	GlobalSection(ProjectConfigurationPlatforms) = postSolution
		{50276A95-ED32-4E35-8929-B2ACA03D49F8}.Ad-Hoc|Any CPU.ActiveCfg = Release|Any CPU
		{50276A95-ED32-4E35-8929-B2ACA03D49F8}.Ad-Hoc|Any CPU.Build.0 = Release|Any CPU
		{50276A95-ED32-4E35-8929-B2ACA03D49F8}.Ad-Hoc|Any CPU.Deploy.0 = Release|Any CPU
		{50276A95-ED32-4E35-8929-B2ACA03D49F8}.Ad-Hoc|iPhone.ActiveCfg = Release|Any CPU
		{50276A95-ED32-4E35-8929-B2ACA03D49F8}.Ad-Hoc|iPhone.Build.0 = Release|Any CPU
		{50276A95-ED32-4E35-8929-B2ACA03D49F8}.Ad-Hoc|iPhone.Deploy.0 = Release|Any CPU
		{50276A95-ED32-4E35-8929-B2ACA03D49F8}.Ad-Hoc|iPhoneSimulator.ActiveCfg = Release|Any CPU
		{50276A95-ED32-4E35-8929-B2ACA03D49F8}.Ad-Hoc|iPhoneSimulator.Build.0 = Release|Any CPU
		{50276A95-ED32-4E35-8929-B2ACA03D49F8}.Ad-Hoc|iPhoneSimulator.Deploy.0 = Release|Any CPU
		{50276A95-ED32-4E35-8929-B2ACA03D49F8}.AppStore|Any CPU.ActiveCfg = Release|Any CPU
		{50276A95-ED32-4E35-8929-B2ACA03D49F8}.AppStore|Any CPU.Build.0 = Release|Any CPU
		{50276A95-ED32-4E35-8929-B2ACA03D49F8}.AppStore|Any CPU.Deploy.0 = Release|Any CPU
		{50276A95-ED32-4E35-8929-B2ACA03D49F8}.AppStore|iPhone.ActiveCfg = Release|Any CPU
		{50276A95-ED32-4E35-8929-B2ACA03D49F8}.AppStore|iPhone.Build.0 = Release|Any CPU
		{50276A95-ED32-4E35-8929-B2ACA03D49F8}.AppStore|iPhone.Deploy.0 = Release|Any CPU
		{50276A95-ED32-4E35-8929-B2ACA03D49F8}.AppStore|iPhoneSimulator.ActiveCfg = Release|Any CPU
		{50276A95-ED32-4E35-8929-B2ACA03D49F8}.AppStore|iPhoneSimulator.Build.0 = Release|Any CPU
		{50276A95-ED32-4E35-8929-B2ACA03D49F8}.AppStore|iPhoneSimulator.Deploy.0 = Release|Any CPU
		{50276A95-ED32-4E35-8929-B2ACA03D49F8}.Debug|Any CPU.ActiveCfg = Debug|Any CPU
		{50276A95-ED32-4E35-8929-B2ACA03D49F8}.Debug|Any CPU.Build.0 = Debug|Any CPU
		{50276A95-ED32-4E35-8929-B2ACA03D49F8}.Debug|Any CPU.Deploy.0 = Debug|Any CPU
		{50276A95-ED32-4E35-8929-B2ACA03D49F8}.Debug|iPhone.ActiveCfg = Debug|Any CPU
		{50276A95-ED32-4E35-8929-B2ACA03D49F8}.Debug|iPhone.Build.0 = Debug|Any CPU
		{50276A95-ED32-4E35-8929-B2ACA03D49F8}.Debug|iPhone.Deploy.0 = Debug|Any CPU
		{50276A95-ED32-4E35-8929-B2ACA03D49F8}.Debug|iPhoneSimulator.ActiveCfg = Debug|Any CPU
		{50276A95-ED32-4E35-8929-B2ACA03D49F8}.Debug|iPhoneSimulator.Build.0 = Debug|Any CPU
		{50276A95-ED32-4E35-8929-B2ACA03D49F8}.Debug|iPhoneSimulator.Deploy.0 = Debug|Any CPU
		{50276A95-ED32-4E35-8929-B2ACA03D49F8}.Release|Any CPU.ActiveCfg = Release|Any CPU
		{50276A95-ED32-4E35-8929-B2ACA03D49F8}.Release|Any CPU.Build.0 = Release|Any CPU
		{50276A95-ED32-4E35-8929-B2ACA03D49F8}.Release|Any CPU.Deploy.0 = Release|Any CPU
		{50276A95-ED32-4E35-8929-B2ACA03D49F8}.Release|iPhone.ActiveCfg = Release|Any CPU
		{50276A95-ED32-4E35-8929-B2ACA03D49F8}.Release|iPhone.Build.0 = Release|Any CPU
		{50276A95-ED32-4E35-8929-B2ACA03D49F8}.Release|iPhone.Deploy.0 = Release|Any CPU
		{50276A95-ED32-4E35-8929-B2ACA03D49F8}.Release|iPhoneSimulator.ActiveCfg = Release|Any CPU
		{50276A95-ED32-4E35-8929-B2ACA03D49F8}.Release|iPhoneSimulator.Build.0 = Release|Any CPU
		{50276A95-ED32-4E35-8929-B2ACA03D49F8}.Release|iPhoneSimulator.Deploy.0 = Release|Any CPU
		{5DBA242D-DC79-42FC-8B6D-260945957E05}.Ad-Hoc|Any CPU.ActiveCfg = Ad-Hoc|iPhone
		{5DBA242D-DC79-42FC-8B6D-260945957E05}.Ad-Hoc|Any CPU.Build.0 = Ad-Hoc|iPhone
		{5DBA242D-DC79-42FC-8B6D-260945957E05}.Ad-Hoc|Any CPU.Deploy.0 = Ad-Hoc|iPhone
		{5DBA242D-DC79-42FC-8B6D-260945957E05}.Ad-Hoc|iPhone.ActiveCfg = Ad-Hoc|iPhone
		{5DBA242D-DC79-42FC-8B6D-260945957E05}.Ad-Hoc|iPhone.Build.0 = Ad-Hoc|iPhone
		{5DBA242D-DC79-42FC-8B6D-260945957E05}.Ad-Hoc|iPhone.Deploy.0 = Ad-Hoc|iPhone
		{5DBA242D-DC79-42FC-8B6D-260945957E05}.Ad-Hoc|iPhoneSimulator.ActiveCfg = Ad-Hoc|iPhoneSimulator
		{5DBA242D-DC79-42FC-8B6D-260945957E05}.Ad-Hoc|iPhoneSimulator.Build.0 = Ad-Hoc|iPhoneSimulator
		{5DBA242D-DC79-42FC-8B6D-260945957E05}.Ad-Hoc|iPhoneSimulator.Deploy.0 = Ad-Hoc|iPhoneSimulator
		{5DBA242D-DC79-42FC-8B6D-260945957E05}.AppStore|Any CPU.ActiveCfg = AppStore|iPhone
		{5DBA242D-DC79-42FC-8B6D-260945957E05}.AppStore|Any CPU.Build.0 = AppStore|iPhone
		{5DBA242D-DC79-42FC-8B6D-260945957E05}.AppStore|Any CPU.Deploy.0 = AppStore|iPhone
		{5DBA242D-DC79-42FC-8B6D-260945957E05}.AppStore|iPhone.ActiveCfg = AppStore|iPhone
		{5DBA242D-DC79-42FC-8B6D-260945957E05}.AppStore|iPhone.Build.0 = AppStore|iPhone
		{5DBA242D-DC79-42FC-8B6D-260945957E05}.AppStore|iPhone.Deploy.0 = AppStore|iPhone
		{5DBA242D-DC79-42FC-8B6D-260945957E05}.AppStore|iPhoneSimulator.ActiveCfg = AppStore|iPhoneSimulator
		{5DBA242D-DC79-42FC-8B6D-260945957E05}.AppStore|iPhoneSimulator.Build.0 = AppStore|iPhoneSimulator
		{5DBA242D-DC79-42FC-8B6D-260945957E05}.AppStore|iPhoneSimulator.Deploy.0 = AppStore|iPhoneSimulator
		{5DBA242D-DC79-42FC-8B6D-260945957E05}.Debug|Any CPU.ActiveCfg = Debug|iPhoneSimulator
		{5DBA242D-DC79-42FC-8B6D-260945957E05}.Debug|Any CPU.Build.0 = Debug|iPhoneSimulator
		{5DBA242D-DC79-42FC-8B6D-260945957E05}.Debug|Any CPU.Deploy.0 = Debug|iPhoneSimulator
		{5DBA242D-DC79-42FC-8B6D-260945957E05}.Debug|iPhone.ActiveCfg = Debug|iPhone
		{5DBA242D-DC79-42FC-8B6D-260945957E05}.Debug|iPhone.Build.0 = Debug|iPhone
		{5DBA242D-DC79-42FC-8B6D-260945957E05}.Debug|iPhone.Deploy.0 = Debug|iPhone
		{5DBA242D-DC79-42FC-8B6D-260945957E05}.Debug|iPhoneSimulator.ActiveCfg = Debug|iPhoneSimulator
		{5DBA242D-DC79-42FC-8B6D-260945957E05}.Debug|iPhoneSimulator.Build.0 = Debug|iPhoneSimulator
		{5DBA242D-DC79-42FC-8B6D-260945957E05}.Debug|iPhoneSimulator.Deploy.0 = Debug|iPhoneSimulator
		{5DBA242D-DC79-42FC-8B6D-260945957E05}.Release|Any CPU.ActiveCfg = Release|iPhone
		{5DBA242D-DC79-42FC-8B6D-260945957E05}.Release|Any CPU.Build.0 = Release|iPhone
		{5DBA242D-DC79-42FC-8B6D-260945957E05}.Release|Any CPU.Deploy.0 = Release|iPhone
		{5DBA242D-DC79-42FC-8B6D-260945957E05}.Release|iPhone.ActiveCfg = Release|iPhone
		{5DBA242D-DC79-42FC-8B6D-260945957E05}.Release|iPhone.Build.0 = Release|iPhone
		{5DBA242D-DC79-42FC-8B6D-260945957E05}.Release|iPhone.Deploy.0 = Release|iPhone
		{5DBA242D-DC79-42FC-8B6D-260945957E05}.Release|iPhoneSimulator.ActiveCfg = Release|iPhoneSimulator
		{5DBA242D-DC79-42FC-8B6D-260945957E05}.Release|iPhoneSimulator.Build.0 = Release|iPhoneSimulator
		{5DBA242D-DC79-42FC-8B6D-260945957E05}.Release|iPhoneSimulator.Deploy.0 = Release|iPhoneSimulator
		{9D2F9D41-5632-4BE5-A1F4-C587838F294C}.Ad-Hoc|Any CPU.ActiveCfg = Debug|Any CPU
		{9D2F9D41-5632-4BE5-A1F4-C587838F294C}.Ad-Hoc|Any CPU.Build.0 = Debug|Any CPU
		{9D2F9D41-5632-4BE5-A1F4-C587838F294C}.Ad-Hoc|Any CPU.Deploy.0 = Debug|Any CPU
		{9D2F9D41-5632-4BE5-A1F4-C587838F294C}.Ad-Hoc|iPhone.ActiveCfg = Debug|Any CPU
		{9D2F9D41-5632-4BE5-A1F4-C587838F294C}.Ad-Hoc|iPhone.Build.0 = Debug|Any CPU
		{9D2F9D41-5632-4BE5-A1F4-C587838F294C}.Ad-Hoc|iPhone.Deploy.0 = Debug|Any CPU
		{9D2F9D41-5632-4BE5-A1F4-C587838F294C}.Ad-Hoc|iPhoneSimulator.ActiveCfg = Debug|Any CPU
		{9D2F9D41-5632-4BE5-A1F4-C587838F294C}.Ad-Hoc|iPhoneSimulator.Build.0 = Debug|Any CPU
		{9D2F9D41-5632-4BE5-A1F4-C587838F294C}.Ad-Hoc|iPhoneSimulator.Deploy.0 = Debug|Any CPU
		{9D2F9D41-5632-4BE5-A1F4-C587838F294C}.AppStore|Any CPU.ActiveCfg = Debug|Any CPU
		{9D2F9D41-5632-4BE5-A1F4-C587838F294C}.AppStore|Any CPU.Build.0 = Debug|Any CPU
		{9D2F9D41-5632-4BE5-A1F4-C587838F294C}.AppStore|Any CPU.Deploy.0 = Debug|Any CPU
		{9D2F9D41-5632-4BE5-A1F4-C587838F294C}.AppStore|iPhone.ActiveCfg = Debug|Any CPU
		{9D2F9D41-5632-4BE5-A1F4-C587838F294C}.AppStore|iPhone.Build.0 = Debug|Any CPU
		{9D2F9D41-5632-4BE5-A1F4-C587838F294C}.AppStore|iPhone.Deploy.0 = Debug|Any CPU
		{9D2F9D41-5632-4BE5-A1F4-C587838F294C}.AppStore|iPhoneSimulator.ActiveCfg = Debug|Any CPU
		{9D2F9D41-5632-4BE5-A1F4-C587838F294C}.AppStore|iPhoneSimulator.Build.0 = Debug|Any CPU
		{9D2F9D41-5632-4BE5-A1F4-C587838F294C}.AppStore|iPhoneSimulator.Deploy.0 = Debug|Any CPU
		{9D2F9D41-5632-4BE5-A1F4-C587838F294C}.Debug|Any CPU.ActiveCfg = Debug|Any CPU
		{9D2F9D41-5632-4BE5-A1F4-C587838F294C}.Debug|Any CPU.Build.0 = Debug|Any CPU
		{9D2F9D41-5632-4BE5-A1F4-C587838F294C}.Debug|Any CPU.Deploy.0 = Debug|Any CPU
		{9D2F9D41-5632-4BE5-A1F4-C587838F294C}.Debug|iPhone.ActiveCfg = Debug|Any CPU
		{9D2F9D41-5632-4BE5-A1F4-C587838F294C}.Debug|iPhone.Build.0 = Debug|Any CPU
		{9D2F9D41-5632-4BE5-A1F4-C587838F294C}.Debug|iPhone.Deploy.0 = Debug|Any CPU
		{9D2F9D41-5632-4BE5-A1F4-C587838F294C}.Debug|iPhoneSimulator.ActiveCfg = Debug|Any CPU
		{9D2F9D41-5632-4BE5-A1F4-C587838F294C}.Debug|iPhoneSimulator.Build.0 = Debug|Any CPU
		{9D2F9D41-5632-4BE5-A1F4-C587838F294C}.Debug|iPhoneSimulator.Deploy.0 = Debug|Any CPU
		{9D2F9D41-5632-4BE5-A1F4-C587838F294C}.Release|Any CPU.ActiveCfg = Release|Any CPU
		{9D2F9D41-5632-4BE5-A1F4-C587838F294C}.Release|Any CPU.Build.0 = Release|Any CPU
		{9D2F9D41-5632-4BE5-A1F4-C587838F294C}.Release|Any CPU.Deploy.0 = Release|Any CPU
		{9D2F9D41-5632-4BE5-A1F4-C587838F294C}.Release|iPhone.ActiveCfg = Release|Any CPU
		{9D2F9D41-5632-4BE5-A1F4-C587838F294C}.Release|iPhone.Build.0 = Release|Any CPU
		{9D2F9D41-5632-4BE5-A1F4-C587838F294C}.Release|iPhone.Deploy.0 = Release|Any CPU
		{9D2F9D41-5632-4BE5-A1F4-C587838F294C}.Release|iPhoneSimulator.ActiveCfg = Release|Any CPU
		{9D2F9D41-5632-4BE5-A1F4-C587838F294C}.Release|iPhoneSimulator.Build.0 = Release|Any CPU
		{9D2F9D41-5632-4BE5-A1F4-C587838F294C}.Release|iPhoneSimulator.Deploy.0 = Release|Any CPU
	EndGlobalSection
	GlobalSection(SolutionProperties) = preSolution
		HideSolutionNode = FALSE
	EndGlobalSection
	GlobalSection(ExtensibilityGlobals) = postSolution
		SolutionGuid = {A0905D4F-CE31-4382-ABAD-18EAD3D4A4AF}
	EndGlobalSection
EndGlobal
